
Microsoft Visual Studio Solution File, Format Version 12.00
# Visual Studio Version 16
VisualStudioVersion = 16.0.31229.75
MinimumVisualStudioVersion = 10.0.40219.1
Project("{FAE04EC0-301F-11D3-BF4B-00C04F79EFBC}") = "Microservice.A", "Microservice.A\Microservice.A.csproj", "{B5392E4B-E326-4C74-BCFE-47E15F05207C}"
EndProject
Project("{FAE04EC0-301F-11D3-BF4B-00C04F79EFBC}") = "Microservice.B", "Microservice.B\Microservice.B.csproj", "{1EAA29DE-2319-4C61-8C1A-4D3ECB0887CF}"
EndProject
Global
	GlobalSection(SolutionConfigurationPlatforms) = preSolution
		Debug|Any CPU = Debug|Any CPU
		Release|Any CPU = Release|Any CPU
	EndGlobalSection
	GlobalSection(ProjectConfigurationPlatforms) = postSolution
		{B5392E4B-E326-4C74-BCFE-47E15F05207C}.Debug|Any CPU.ActiveCfg = Debug|Any CPU
		{B5392E4B-E326-4C74-BCFE-47E15F05207C}.Debug|Any CPU.Build.0 = Debug|Any CPU
		{B5392E4B-E326-4C74-BCFE-47E15F05207C}.Release|Any CPU.ActiveCfg = Release|Any CPU
		{B5392E4B-E326-4C74-BCFE-47E15F05207C}.Release|Any CPU.Build.0 = Release|Any CPU
		{1EAA29DE-2319-4C61-8C1A-4D3ECB0887CF}.Debug|Any CPU.ActiveCfg = Debug|Any CPU
		{1EAA29DE-2319-4C61-8C1A-4D3ECB0887CF}.Debug|Any CPU.Build.0 = Debug|Any CPU
		{1EAA29DE-2319-4C61-8C1A-4D3ECB0887CF}.Release|Any CPU.ActiveCfg = Release|Any CPU
		{1EAA29DE-2319-4C61-8C1A-4D3ECB0887CF}.Release|Any CPU.Build.0 = Release|Any CPU
	EndGlobalSection
	GlobalSection(SolutionProperties) = preSolution
		HideSolutionNode = FALSE
	EndGlobalSection
	GlobalSection(ExtensibilityGlobals) = postSolution
		SolutionGuid = {1E0E3DD6-06E8-43EE-B8C7-9762BCF534CF}
	EndGlobalSection
EndGlobal
